
Microsoft Visual Studio Solution File, Format Version 12.00
# Visual Studio 2012
Project("{FAE04EC0-301F-11D3-BF4B-00C04F79EFBC}") = "Simple Contact Manager", "Simple Contact Manager\Simple Contact Manager.csproj", "{AE159C56-9A37-438E-ADC3-B74E4E9913BD}"
EndProject
Global
	GlobalSection(SolutionConfigurationPlatforms) = preSolution
		Debug|Any CPU = Debug|Any CPU
		Release|Any CPU = Release|Any CPU
	EndGlobalSection
	GlobalSection(ProjectConfigurationPlatforms) = postSolution
		{AE159C56-9A37-438E-ADC3-B74E4E9913BD}.Debug|Any CPU.ActiveCfg = Debug|Any CPU
		{AE159C56-9A37-438E-ADC3-B74E4E9913BD}.Debug|Any CPU.Build.0 = Debug|Any CPU
		{AE159C56-9A37-438E-ADC3-B74E4E9913BD}.Release|Any CPU.ActiveCfg = Release|Any CPU
		{AE159C56-9A37-438E-ADC3-B74E4E9913BD}.Release|Any CPU.Build.0 = Release|Any CPU
	EndGlobalSection
	GlobalSection(SolutionProperties) = preSolution
		HideSolutionNode = FALSE
	EndGlobalSection
EndGlobal
